Microsoft Visual Studio Solution File, Format Version 12.00
# Visual Studio Version 17
VisualStudioVersion = 17.5.2.0
MinimumVisualStudioVersion = 10.0.40219.1
Project("{FAE04EC0-301F-11D3-BF4B-00C04F79EFBC}") = "Simulation", "Simulation.csproj", "{68871BB0-72B1-B1B4-E781-8DEB70E42D5D}"
EndProject
Global
	GlobalSection(SolutionConfigurationPlatforms) = preSolution
		Debug|Any CPU = Debug|Any CPU
		Release|Any CPU = Release|Any CPU
	EndGlobalSection
	GlobalSection(ProjectConfigurationPlatforms) = postSolution
		{68871BB0-72B1-B1B4-E781-8DEB70E42D5D}.Debug|Any CPU.ActiveCfg = Debug|Any CPU
		{68871BB0-72B1-B1B4-E781-8DEB70E42D5D}.Debug|Any CPU.Build.0 = Debug|Any CPU
		{68871BB0-72B1-B1B4-E781-8DEB70E42D5D}.Release|Any CPU.ActiveCfg = Release|Any CPU
		{68871BB0-72B1-B1B4-E781-8DEB70E42D5D}.Release|Any CPU.Build.0 = Release|Any CPU
	EndGlobalSection
	GlobalSection(SolutionProperties) = preSolution
		HideSolutionNode = FALSE
	EndGlobalSection
	GlobalSection(ExtensibilityGlobals) = postSolution
		SolutionGuid = {C5271FB1-D6E1-4C55-9C83-5263C7BAE724}
	EndGlobalSection
EndGlobal
